
Microsoft Visual Studio Solution File, Format Version 12.00
# Visual Studio Version 17
VisualStudioVersion = 17.5.33530.505
MinimumVisualStudioVersion = 10.0.40219.1
Project("{FAE04EC0-301F-11D3-BF4B-00C04F79EFBC}") = "WindowsFormsApp2", "WindowsFormsApp2\WindowsFormsApp2.csproj", "{E8C248A6-2B3C-4AA4-8B33-F7E1EA259CAF}"
EndProject
Global
	GlobalSection(SolutionConfigurationPlatforms) = preSolution
		Debug|Any CPU = Debug|Any CPU
		Release|Any CPU = Release|Any CPU
	EndGlobalSection
	GlobalSection(ProjectConfigurationPlatforms) = postSolution
		{E8C248A6-2B3C-4AA4-8B33-F7E1EA259CAF}.Debug|Any CPU.ActiveCfg = Debug|Any CPU
		{E8C248A6-2B3C-4AA4-8B33-F7E1EA259CAF}.Debug|Any CPU.Build.0 = Debug|Any CPU
		{E8C248A6-2B3C-4AA4-8B33-F7E1EA259CAF}.Release|Any CPU.ActiveCfg = Release|Any CPU
		{E8C248A6-2B3C-4AA4-8B33-F7E1EA259CAF}.Release|Any CPU.Build.0 = Release|Any CPU
	EndGlobalSection
	GlobalSection(SolutionProperties) = preSolution
		HideSolutionNode = FALSE
	EndGlobalSection
	GlobalSection(ExtensibilityGlobals) = postSolution
		SolutionGuid = {FFA08A2C-D59B-4216-9141-BF2C19CC2D18}
	EndGlobalSection
EndGlobal
